// !$*UTF8*$!
{
	archiveVersion = 1;
	classes = {
	};
	objectVersion = 46;
	objects = {

/* Begin PBXBuildFile section */
		68DA437B19B78B4600B1BF83 /* main.m in Sources */ = {isa = PBXBuildFile; fileRef = 68DA437A19B78B4600B1BF83 /* main.m */; };
		68DA437E19B78B4600B1BF83 /* AppDelegate.m in Sources */ = {isa = PBXBuildFile; fileRef = 68DA437D19B78B4600B1BF83 /* AppDelegate.m */; };
		68DA438119B78B4600B1BF83 /* PWDMainViewController.m in Sources */ = {isa = PBXBuildFile; fileRef = 68DA438019B78B4600B1BF83 /* PWDMainViewController.m */; };
		68DA438619B78B4600B1BF83 /* Images.xcassets in Resources */ = {isa = PBXBuildFile; fileRef = 68DA438519B78B4600B1BF83 /* Images.xcassets */; };
		68DA439219B78B4600B1BF83 /* pwdgeneratorTests.m in Sources */ = {isa = PBXBuildFile; fileRef = 68DA439119B78B4600B1BF83 /* pwdgeneratorTests.m */; };
/* End PBXBuildFile section */

/* Begin PBXContainerItemProxy section */
		68DA438C19B78B4600B1BF83 /* PBXContainerItemProxy */ = {
			isa = PBXContainerItemProxy;
			containerPortal = 68DA436D19B78B4600B1BF83 /* Project object */;
			proxyType = 1;
			remoteGlobalIDString = 68DA437419B78B4600B1BF83;
			remoteInfo = pwdgenerator;
		};
/* End PBXContainerItemProxy section */

/* Begin PBXFileReference section */
		68DA437519B78B4600B1BF83 /* pwdgenerator.app */ = {isa = PBXFileReference; explicitFileType = wrapper.application; includeInIndex = 0; path = pwdgenerator.app; sourceTree = BUILT_PRODUCTS_DIR; };
		68DA437919B78B4600B1BF83 /* Info.plist */ = {isa = PBXFileReference; lastKnownFileType = text.plist.xml; path = Info.plist; sourceTree = "<group>"; };
		68DA437A19B78B4600B1BF83 /* main.m */ = {isa = PBXFileReference; lastKnownFileType = sourcecode.c.objc; path = main.m; sourceTree = "<group>"; };
		68DA437C19B78B4600B1BF83 /* AppDelegate.h */ = {isa = PBXFileReference; lastKnownFileType = sourcecode.c.h; path = AppDelegate.h; sourceTree = "<group>"; };
		68DA437D19B78B4600B1BF83 /* AppDelegate.m */ = {isa = PBXFileReference; lastKnownFileType = sourcecode.c.objc; path = AppDelegate.m; sourceTree = "<group>"; };
		68DA437F19B78B4600B1BF83 /* PWDMainViewController.h */ = {isa = PBXFileReference; lastKnownFileType = sourcecode.c.h; path = PWDMainViewController.h; sourceTree = "<group>"; };
		68DA438019B78B4600B1BF83 /* PWDMainViewController.m */ = {isa = PBXFileReference; lastKnownFileType = sourcecode.c.objc; path = PWDMainViewController.m; sourceTree = "<group>"; };
		68DA438519B78B4600B1BF83 /* Images.xcassets */ = {isa = PBXFileReference; lastKnownFileType = folder.assetcatalog; path = Images.xcassets; sourceTree = "<group>"; };
		68DA438B19B78B4600B1BF83 /* pwdgeneratorTests.xctest */ = {isa = PBXFileReference; explicitFileType = wrapper.cfbundle; includeInIndex = 0; path = pwdgeneratorTests.xctest; sourceTree = BUILT_PRODUCTS_DIR; };
		68DA439019B78B4600B1BF83 /* Info.plist */ = {isa = PBXFileReference; lastKnownFileType = text.plist.xml; path = Info.plist; sourceTree = "<group>"; };
		68DA439119B78B4600B1BF83 /* pwdgeneratorTests.m */ = {isa = PBXFileReference; lastKnownFileType = sourcecode.c.objc; path = pwdgeneratorTests.m; sourceTree = "<group>"; };
/* End PBXFileReference section */

/* Begin PBXFrameworksBuildPhase section */
		68DA437219B78B4600B1BF83 /* Frameworks */ = {
			isa = PBXFrameworksBuildPhase;
			buildActionMask = 2147483647;
			files = (
			);
			runOnlyForDeploymentPostprocessing = 0;
		};
		68DA438819B78B4600B1BF83 /* Frameworks */ = {
			isa = PBXFrameworksBuildPhase;
			buildActionMask = 2147483647;
			files = (
			);
			runOnlyForDeploymentPostprocessing = 0;
		};
/* End PBXFrameworksBuildPhase section */

/* Begin PBXGroup section */
		68DA436C19B78B4600B1BF83 = {
			isa = PBXGroup;
			children = (
				68DA437719B78B4600B1BF83 /* pwdgenerator */,
				68DA438E19B78B4600B1BF83 /* pwdgeneratorTests */,
				68DA437619B78B4600B1BF83 /* Products */,
			);
			sourceTree = "<group>";
		};
		68DA437619B78B4600B1BF83 /* Products */ = {
			isa = PBXGroup;
			children = (
				68DA437519B78B4600B1BF83 /* pwdgenerator.app */,
				68DA438B19B78B4600B1BF83 /* pwdgeneratorTests.xctest */,
			);
			name = Products;
			sourceTree = "<group>";
		};
		68DA437719B78B4600B1BF83 /* pwdgenerator */ = {
			isa = PBXGroup;
			children = (
				68DA437C19B78B4600B1BF83 /* AppDelegate.h */,
				68DA437D19B78B4600B1BF83 /* AppDelegate.m */,
				68DA437F19B78B4600B1BF83 /* PWDMainViewController.h */,
				68DA438019B78B4600B1BF83 /* PWDMainViewController.m */,
				68DA438519B78B4600B1BF83 /* Images.xcassets */,
				68DA437819B78B4600B1BF83 /* Supporting Files */,
			);
			path = pwdgenerator;
			sourceTree = "<group>";
		};
		68DA437819B78B4600B1BF83 /* Supporting Files */ = {
			isa = PBXGroup;
			children = (
				68DA437919B78B4600B1BF83 /* Info.plist */,
				68DA437A19B78B4600B1BF83 /* main.m */,
			);
			name = "Supporting Files";
			sourceTree = "<group>";
		};
		68DA438E19B78B4600B1BF83 /* pwdgeneratorTests */ = {
			isa = PBXGroup;
			children = (
				68DA439119B78B4600B1BF83 /* pwdgeneratorTests.m */,
				68DA438F19B78B4600B1BF83 /* Supporting Files */,
			);
			path = pwdgeneratorTests;
			sourceTree = "<group>";
		};
		68DA438F19B78B4600B1BF83 /* Supporting Files */ = {
			isa = PBXGroup;
			children = (
				68DA439019B78B4600B1BF83 /* Info.plist */,
			);
			name = "Supporting Files";
			sourceTree = "<group>";
		};
/* End PBXGroup section */

/* Begin PBXNativeTarget section */
		68DA437419B78B4600B1BF83 /* pwdgenerator */ = {
			isa = PBXNativeTarget;
			buildConfigurationList = 68DA439519B78B4600B1BF83 /* Build configuration list for PBXNativeTarget "pwdgenerator" */;
			buildPhases = (
				68DA437119B78B4600B1BF83 /* Sources */,
				68DA437219B78B4600B1BF83 /* Frameworks */,
				68DA437319B78B4600B1BF83 /* Resources */,
			);
			buildRules = (
			);
			dependencies = (
			);
			name = pwdgenerator;
			productName = pwdgenerator;
			productReference = 68DA437519B78B4600B1BF83 /* pwdgenerator.app */;
			productType = "com.apple.product-type.application";
		};
		68DA438A19B78B4600B1BF83 /* pwdgeneratorTests */ = {
			isa = PBXNativeTarget;
			buildConfigurationList = 68DA439819B78B4600B1BF83 /* Build configuration list for PBXNativeTarget "pwdgeneratorTests" */;
			buildPhases = (
				68DA438719B78B4600B1BF83 /* Sources */,
				68DA438819B78B4600B1BF83 /* Frameworks */,
				68DA438919B78B4600B1BF83 /* Resources */,
			);
			buildRules = (
			);
			dependencies = (
				68DA438D19B78B4600B1BF83 /* PBXTargetDependency */,
			);
			name = pwdgeneratorTests;
			productName = pwdgeneratorTests;
			productReference = 68DA438B19B78B4600B1BF83 /* pwdgeneratorTests.xctest */;
			productType = "com.apple.product-type.bundle.unit-test";
		};
/* End PBXNativeTarget section */

/* Begin PBXProject section */
		68DA436D19B78B4600B1BF83 /* Project object */ = {
			isa = PBXProject;
			attributes = {
				LastUpgradeCheck = 0600;
				ORGANIZATIONNAME = "Milton and Parc";
				TargetAttributes = {
					68DA437419B78B4600B1BF83 = {
						CreatedOnToolsVersion = 6.0;
					};
					68DA438A19B78B4600B1BF83 = {
						CreatedOnToolsVersion = 6.0;
						TestTargetID = 68DA437419B78B4600B1BF83;
					};
				};
			};
			buildConfigurationList = 68DA437019B78B4600B1BF83 /* Build configuration list for PBXProject "pwdgenerator" */;
			compatibilityVersion = "Xcode 3.2";
			developmentRegion = English;
			hasScannedForEncodings = 0;
			knownRegions = (
				en,
				Base,
			);
			mainGroup = 68DA436C19B78B4600B1BF83;
			productRefGroup = 68DA437619B78B4600B1BF83 /* Products */;
			projectDirPath = "";
			projectRoot = "";
			targets = (
				68DA437419B78B4600B1BF83 /* pwdgenerator */,
				68DA438A19B78B4600B1BF83 /* pwdgeneratorTests */,
			);
		};
/* End PBXProject section */

/* Begin PBXResourcesBuildPhase section */
		68DA437319B78B4600B1BF83 /* Resources */ = {
			isa = PBXResourcesBuildPhase;
			buildActionMask = 2147483647;
			files = (
				68DA438619B78B4600B1BF83 /* Images.xcassets in Resources */,
			);
			runOnlyForDeploymentPostprocessing = 0;
		};
		68DA438919B78B4600B1BF83 /* Resources */ = {
			isa = PBXResourcesBuildPhase;
			buildActionMask = 2147483647;
			files = (
			);
			runOnlyForDeploymentPostprocessing = 0;
		};
/* End PBXResourcesBuildPhase section */

/* Begin PBXSourcesBuildPhase section */
		68DA437119B78B4600B1BF83 /* Sources */ = {
			isa = PBXSourcesBuildPhase;
			buildActionMask = 2147483647;
			files = (
				68DA438119B78B4600B1BF83 /* PWDMainViewController.m in Sources */,
				68DA437E19B78B4600B1BF83 /* AppDelegate.m in Sources */,
				68DA437B19B78B4600B1BF83 /* main.m in Sources */,
			);
			runOnlyForDeploymentPostprocessing = 0;
		};
		68DA438719B78B4600B1BF83 /* Sources */ = {
			isa = PBXSourcesBuildPhase;
			buildActionMask = 2147483647;
			files = (
				68DA439219B78B4600B1BF83 /* pwdgeneratorTests.m in Sources */,
			);
			runOnlyForDeploymentPostprocessing = 0;
		};
/* End PBXSourcesBuildPhase section */

/* Begin PBXTargetDependency section */
		68DA438D19B78B4600B1BF83 /* PBXTargetDependency */ = {
			isa = PBXTargetDependency;
			target = 68DA437419B78B4600B1BF83 /* pwdgenerator */;
			targetProxy = 68DA438C19B78B4600B1BF83 /* PBXContainerItemProxy */;
		};
/* End PBXTargetDependency section */

/* Begin XCBuildConfiguration section */
		68DA439319B78B4600B1BF83 /* Debug */ = {
			isa = XCBuildConfiguration;
			buildSettings = {
				ALWAYS_SEARCH_USER_PATHS = NO;
				CLANG_CXX_LANGUAGE_STANDARD = "gnu++0x";
				CLANG_CXX_LIBRARY = "libc++";
				CLANG_ENABLE_MODULES = YES;
				CLANG_ENABLE_OBJC_ARC = YES;
				CLANG_WARN_BOOL_CONVERSION = YES;
				CLANG_WARN_CONSTANT_CONVERSION = YES;
				CLANG_WARN_DIRECT_OBJC_ISA_USAGE = YES_ERROR;
				CLANG_WARN_EMPTY_BODY = YES;
				CLANG_WARN_ENUM_CONVERSION = YES;
				CLANG_WARN_INT_CONVERSION = YES;
				CLANG_WARN_OBJC_ROOT_CLASS = YES_ERROR;
				CLANG_WARN_UNREACHABLE_CODE = YES;
				CLANG_WARN__DUPLICATE_METHOD_MATCH = YES;
				"CODE_SIGN_IDENTITY[sdk=iphoneos*]" = "iPhone Developer";
				COPY_PHASE_STRIP = NO;
				ENABLE_STRICT_OBJC_MSGSEND = YES;
				GCC_C_LANGUAGE_STANDARD = gnu99;
				GCC_DYNAMIC_NO_PIC = NO;
				GCC_OPTIMIZATION_LEVEL = 0;
				GCC_PREPROCESSOR_DEFINITIONS = (
					"DEBUG=1",
					"$(inherited)",
				);
				GCC_SYMBOLS_PRIVATE_EXTERN = NO;
				GCC_WARN_64_TO_32_BIT_CONVERSION = YES;
				GCC_WARN_ABOUT_RETURN_TYPE = YES_ERROR;
				GCC_WARN_UNDECLARED_SELECTOR = YES;
				GCC_WARN_UNINITIALIZED_AUTOS = YES_AGGRESSIVE;
				GCC_WARN_UNUSED_FUNCTION = YES;
				GCC_WARN_UNUSED_VARIABLE = YES;
				IPHONEOS_DEPLOYMENT_TARGET = 7.0;
				MTL_ENABLE_DEBUG_INFO = YES;
				ONLY_ACTIVE_ARCH = YES;
				SDKROOT = iphoneos;
			};
			name = Debug;
		};
		68DA439419B78B4600B1BF83 /* Release */ = {
			isa = XCBuildConfiguration;
			buildSettings = {
				ALWAYS_SEARCH_USER_PATHS = NO;
				CLANG_CXX_LANGUAGE_STANDARD = "gnu++0x";
				CLANG_CXX_LIBRARY = "libc++";
				CLANG_ENABLE_MODULES = YES;
				CLANG_ENABLE_OBJC_ARC = YES;
				CLANG_WARN_BOOL_CONVERSION = YES;
				CLANG_WARN_CONSTANT_CONVERSION = YES;
				CLANG_WARN_DIRECT_OBJC_ISA_USAGE = YES_ERROR;
				CLANG_WARN_EMPTY_BODY = YES;
				CLANG_WARN_ENUM_CONVERSION = YES;
				CLANG_WARN_INT_CONVERSION = YES;
				CLANG_WARN_OBJC_ROOT_CLASS = YES_ERROR;
				CLANG_WARN_UNREACHABLE_CODE = YES;
				CLANG_WARN__DUPLICATE_METHOD_MATCH = YES;
				"CODE_SIGN_IDENTITY[sdk=iphoneos*]" = "iPhone Developer";
				COPY_PHASE_STRIP = YES;
				ENABLE_NS_ASSERTIONS = NO;
				ENABLE_STRICT_OBJC_MSGSEND = YES;
				GCC_C_LANGUAGE_STANDARD = gnu99;
				GCC_WARN_64_TO_32_BIT_CONVERSION = YES;
				GCC_WARN_ABOUT_RETURN_TYPE = YES_ERROR;
				GCC_WARN_UNDECLARED_SELECTOR = YES;
				GCC_WARN_UNINITIALIZED_AUTOS = YES_AGGRESSIVE;
				GCC_WARN_UNUSED_FUNCTION = YES;
				GCC_WARN_UNUSED_VARIABLE = YES;
				IPHONEOS_DEPLOYMENT_TARGET = 7.0;
				MTL_ENABLE_DEBUG_INFO = NO;
				SDKROOT = iphoneos;
				VALIDATE_PRODUCT = YES;
			};
			name = Release;
		};
		68DA439619B78B4600B1BF83 /* Debug */ = {
			isa = XCBuildConfiguration;
			buildSettings = {
				ASSETCATALOG_COMPILER_APPICON_NAME = AppIcon;
				ASSETCATALOG_COMPILER_LAUNCHIMAGE_NAME = LaunchImage;
				INFOPLIST_FILE = pwdgenerator/Info.plist;
				LD_RUNPATH_SEARCH_PATHS = "$(inherited) @executable_path/Frameworks";
				PRODUCT_NAME = "$(TARGET_NAME)";
			};
			name = Debug;
		};
		68DA439719B78B4600B1BF83 /* Release */ = {
			isa = XCBuildConfiguration;
			buildSettings = {
				ASSETCATALOG_COMPILER_APPICON_NAME = AppIcon;
				ASSETCATALOG_COMPILER_LAUNCHIMAGE_NAME = LaunchImage;
				INFOPLIST_FILE = pwdgenerator/Info.plist;
				LD_RUNPATH_SEARCH_PATHS = "$(inherited) @executable_path/Frameworks";
				PRODUCT_NAME = "$(TARGET_NAME)";
			};
			name = Release;
		};
		68DA439919B78B4600B1BF83 /* Debug */ = {
			isa = XCBuildConfiguration;
			buildSettings = {
				BUNDLE_LOADER = "$(TEST_HOST)";
				FRAMEWORK_SEARCH_PATHS = (
					"$(SDKROOT)/Developer/Library/Frameworks",
					"$(inherited)",
				);
				GCC_PREPROCESSOR_DEFINITIONS = (
					"DEBUG=1",
					"$(inherited)",
				);
				INFOPLIST_FILE = pwdgeneratorTests/Info.plist;
				LD_RUNPATH_SEARCH_PATHS = "$(inherited) @executable_path/Frameworks @loader_path/Frameworks";
				PRODUCT_NAME = "$(TARGET_NAME)";
				TEST_HOST = "$(BUILT_PRODUCTS_DIR)/pwdgenerator.app/pwdgenerator";
			};
			name = Debug;
		};
		68DA439A19B78B4600B1BF83 /* Release */ = {
			isa = XCBuildConfiguration;
			buildSettings = {
				BUNDLE_LOADER = "$(TEST_HOST)";
				FRAMEWORK_SEARCH_PATHS = (
					"$(SDKROOT)/Developer/Library/Frameworks",
					"$(inherited)",
				);
				INFOPLIST_FILE = pwdgeneratorTests/Info.plist;
				LD_RUNPATH_SEARCH_PATHS = "$(inherited) @executable_path/Frameworks @loader_path/Frameworks";
				PRODUCT_NAME = "$(TARGET_NAME)";
				TEST_HOST = "$(BUILT_PRODUCTS_DIR)/pwdgenerator.app/pwdgenerator";
			};
			name = Release;
		};
/* End XCBuildConfiguration section */

/* Begin XCConfigurationList section */
		68DA437019B78B4600B1BF83 /* Build configuration list for PBXProject "pwdgenerator" */ = {
			isa = XCConfigurationList;
			buildConfigurations = (
				68DA439319B78B4600B1BF83 /* Debug */,
				68DA439419B78B4600B1BF83 /* Release */,
			);
			defaultConfigurationIsVisible = 0;
			defaultConfigurationName = Release;
		};
		68DA439519B78B4600B1BF83 /* Build configuration list for PBXNativeTarget "pwdgenerator" */ = {
			isa = XCConfigurationList;
			buildConfigurations = (
				68DA439619B78B4600B1BF83 /* Debug */,
				68DA439719B78B4600B1BF83 /* Release */,
			);
			defaultConfigurationIsVisible = 0;
		};
		68DA439819B78B4600B1BF83 /* Build configuration list for PBXNativeTarget "pwdgeneratorTests" */ = {
			isa = XCConfigurationList;
			buildConfigurations = (
				68DA439919B78B4600B1BF83 /* Debug */,
				68DA439A19B78B4600B1BF83 /* Release */,
			);
			defaultConfigurationIsVisible = 0;
		};
/* End XCConfigurationList section */
	};
	rootObject = 68DA436D19B78B4600B1BF83 /* Project object */;
}
